
Microsoft Visual Studio Solution File, Format Version 12.00
# Visual Studio 2012
Project("{FAE04EC0-301F-11D3-BF4B-00C04F79EFBC}") = "StatisticalFault.Service", "StatisticalFault.Service\StatisticalFault.Service.csproj", "{5E3E68A1-AC12-455C-851B-51102E0BB376}"
EndProject
Project("{FAE04EC0-301F-11D3-BF4B-00C04F79EFBC}") = "StatisticalFault.Infrastruture", "StatisticalFault.Infrastruture\StatisticalFault.Infrastruture.csproj", "{6ACF1CF2-D853-4150-9B81-52D5799ADA4E}"
EndProject
Project("{FAE04EC0-301F-11D3-BF4B-00C04F79EFBC}") = "StatisticalFault.Web", "StatisticalFault.Web\StatisticalFault.Web.csproj", "{73EC7C27-D7A2-4FD0-BAB3-7CA7A39B330B}"
EndProject
Global
	GlobalSection(SolutionConfigurationPlatforms) = preSolution
		Debug|Any CPU = Debug|Any CPU
		Release|Any CPU = Release|Any CPU
	EndGlobalSection
	GlobalSection(ProjectConfigurationPlatforms) = postSolution
		{5E3E68A1-AC12-455C-851B-51102E0BB376}.Debug|Any CPU.ActiveCfg = Debug|Any CPU
		{5E3E68A1-AC12-455C-851B-51102E0BB376}.Debug|Any CPU.Build.0 = Debug|Any CPU
		{5E3E68A1-AC12-455C-851B-51102E0BB376}.Release|Any CPU.ActiveCfg = Release|Any CPU
		{5E3E68A1-AC12-455C-851B-51102E0BB376}.Release|Any CPU.Build.0 = Release|Any CPU
		{6ACF1CF2-D853-4150-9B81-52D5799ADA4E}.Debug|Any CPU.ActiveCfg = Debug|Any CPU
		{6ACF1CF2-D853-4150-9B81-52D5799ADA4E}.Debug|Any CPU.Build.0 = Debug|Any CPU
		{6ACF1CF2-D853-4150-9B81-52D5799ADA4E}.Release|Any CPU.ActiveCfg = Release|Any CPU
		{6ACF1CF2-D853-4150-9B81-52D5799ADA4E}.Release|Any CPU.Build.0 = Release|Any CPU
		{73EC7C27-D7A2-4FD0-BAB3-7CA7A39B330B}.Debug|Any CPU.ActiveCfg = Debug|Any CPU
		{73EC7C27-D7A2-4FD0-BAB3-7CA7A39B330B}.Debug|Any CPU.Build.0 = Debug|Any CPU
		{73EC7C27-D7A2-4FD0-BAB3-7CA7A39B330B}.Release|Any CPU.ActiveCfg = Release|Any CPU
		{73EC7C27-D7A2-4FD0-BAB3-7CA7A39B330B}.Release|Any CPU.Build.0 = Release|Any CPU
	EndGlobalSection
	GlobalSection(SolutionProperties) = preSolution
		HideSolutionNode = FALSE
	EndGlobalSection
EndGlobal
